
Microsoft Visual Studio Solution File, Format Version 12.00
# Visual Studio 15
VisualStudioVersion = 15.0.28010.2036
MinimumVisualStudioVersion = 10.0.40219.1
Project("{FAE04EC0-301F-11D3-BF4B-00C04F79EFBC}") = "05_binary_formatter", "05_binary_formatter\05_binary_formatter.csproj", "{5F700F1E-8259-48AD-9D82-E4F5A45E0B8B}"
EndProject
Global
	GlobalSection(SolutionConfigurationPlatforms) = preSolution
		Debug|Any CPU = Debug|Any CPU
		Release|Any CPU = Release|Any CPU
	EndGlobalSection
	GlobalSection(ProjectConfigurationPlatforms) = postSolution
		{5F700F1E-8259-48AD-9D82-E4F5A45E0B8B}.Debug|Any CPU.ActiveCfg = Debug|Any CPU
		{5F700F1E-8259-48AD-9D82-E4F5A45E0B8B}.Debug|Any CPU.Build.0 = Debug|Any CPU
		{5F700F1E-8259-48AD-9D82-E4F5A45E0B8B}.Release|Any CPU.ActiveCfg = Release|Any CPU
		{5F700F1E-8259-48AD-9D82-E4F5A45E0B8B}.Release|Any CPU.Build.0 = Release|Any CPU
	EndGlobalSection
	GlobalSection(SolutionProperties) = preSolution
		HideSolutionNode = FALSE
	EndGlobalSection
	GlobalSection(ExtensibilityGlobals) = postSolution
		SolutionGuid = {97FDC994-450C-4572-8E62-9A287BFCF653}
	EndGlobalSection
EndGlobal
